// !$*UTF8*$!
{
	archiveVersion = 1;
	classes = {
	};
	objectVersion = 55;
	objects = {

/* Begin PBXBuildFile section */
		81305E8A2803F75F00799685 /* ImageLoader.swift in Sources */ = {isa = PBXBuildFile; fileRef = 81305E892803F75F00799685 /* ImageLoader.swift */; };
		814AF0A127FD9639006EAB28 /* AppDelegate.swift in Sources */ = {isa = PBXBuildFile; fileRef = 814AF0A027FD9639006EAB28 /* AppDelegate.swift */; };
		814AF0A327FD9639006EAB28 /* SceneDelegate.swift in Sources */ = {isa = PBXBuildFile; fileRef = 814AF0A227FD9639006EAB28 /* SceneDelegate.swift */; };
		814AF0A527FD9639006EAB28 /* ViewController.swift in Sources */ = {isa = PBXBuildFile; fileRef = 814AF0A427FD9639006EAB28 /* ViewController.swift */; };
		814AF0A827FD9639006EAB28 /* Main.storyboard in Resources */ = {isa = PBXBuildFile; fileRef = 814AF0A627FD9639006EAB28 /* Main.storyboard */; };
		814AF0AA27FD963A006EAB28 /* Assets.xcassets in Resources */ = {isa = PBXBuildFile; fileRef = 814AF0A927FD963A006EAB28 /* Assets.xcassets */; };
		814AF0AD27FD963A006EAB28 /* LaunchScreen.storyboard in Resources */ = {isa = PBXBuildFile; fileRef = 814AF0AB27FD963A006EAB28 /* LaunchScreen.storyboard */; };
		814AF0CD27FD9B1D006EAB28 /* PunkClient.swift in Sources */ = {isa = PBXBuildFile; fileRef = 814AF0CC27FD9B1D006EAB28 /* PunkClient.swift */; };
		814AF0CF27FDA4DE006EAB28 /* BeerRequest.swift in Sources */ = {isa = PBXBuildFile; fileRef = 814AF0CE27FDA4DE006EAB28 /* BeerRequest.swift */; };
		814AF0D127FDA557006EAB28 /* URLRequest.swift in Sources */ = {isa = PBXBuildFile; fileRef = 814AF0D027FDA557006EAB28 /* URLRequest.swift */; };
		814AF0D327FDA8E6006EAB28 /* DataResponseError.swift in Sources */ = {isa = PBXBuildFile; fileRef = 814AF0D227FDA8E6006EAB28 /* DataResponseError.swift */; };
		814AF0D527FDBCAA006EAB28 /* HTTPURLResponse.swift in Sources */ = {isa = PBXBuildFile; fileRef = 814AF0D427FDBCAA006EAB28 /* HTTPURLResponse.swift */; };
		814AF0D727FDBCEB006EAB28 /* Result.swift in Sources */ = {isa = PBXBuildFile; fileRef = 814AF0D627FDBCEB006EAB28 /* Result.swift */; };
		814AF0DA27FDBEBA006EAB28 /* BeerViewModel.swift in Sources */ = {isa = PBXBuildFile; fileRef = 814AF0D927FDBEBA006EAB28 /* BeerViewModel.swift */; };
		815E46212800863800856A50 /* Malt.swift in Sources */ = {isa = PBXBuildFile; fileRef = 815E46192800863800856A50 /* Malt.swift */; };
		815E46222800863800856A50 /* ValueUnit.swift in Sources */ = {isa = PBXBuildFile; fileRef = 815E461A2800863800856A50 /* ValueUnit.swift */; };
		815E46232800863800856A50 /* Beer.swift in Sources */ = {isa = PBXBuildFile; fileRef = 815E461B2800863800856A50 /* Beer.swift */; };
		815E46242800863800856A50 /* BeerIngredients.swift in Sources */ = {isa = PBXBuildFile; fileRef = 815E461C2800863800856A50 /* BeerIngredients.swift */; };
		815E46252800863800856A50 /* Fermentation.swift in Sources */ = {isa = PBXBuildFile; fileRef = 815E461D2800863800856A50 /* Fermentation.swift */; };
		815E46262800863800856A50 /* BeerMethod.swift in Sources */ = {isa = PBXBuildFile; fileRef = 815E461E2800863800856A50 /* BeerMethod.swift */; };
		815E46272800863800856A50 /* MashTemp.swift in Sources */ = {isa = PBXBuildFile; fileRef = 815E461F2800863800856A50 /* MashTemp.swift */; };
		815E46282800863800856A50 /* Hope.swift in Sources */ = {isa = PBXBuildFile; fileRef = 815E46202800863800856A50 /* Hope.swift */; };
		815E462A280095E900856A50 /* BeerTableViewCell.swift in Sources */ = {isa = PBXBuildFile; fileRef = 815E4629280095E900856A50 /* BeerTableViewCell.swift */; };
/* End PBXBuildFile section */

/* Begin PBXFileReference section */
		81305E892803F75F00799685 /* ImageLoader.swift */ = {isa = PBXFileReference; lastKnownFileType = sourcecode.swift; path = ImageLoader.swift; sourceTree = "<group>"; };
		814AF09D27FD9639006EAB28 /* BeerBox.app */ = {isa = PBXFileReference; explicitFileType = wrapper.application; includeInIndex = 0; path = BeerBox.app; sourceTree = BUILT_PRODUCTS_DIR; };
		814AF0A027FD9639006EAB28 /* AppDelegate.swift */ = {isa = PBXFileReference; lastKnownFileType = sourcecode.swift; path = AppDelegate.swift; sourceTree = "<group>"; };
		814AF0A227FD9639006EAB28 /* SceneDelegate.swift */ = {isa = PBXFileReference; lastKnownFileType = sourcecode.swift; path = SceneDelegate.swift; sourceTree = "<group>"; };
		814AF0A427FD9639006EAB28 /* ViewController.swift */ = {isa = PBXFileReference; lastKnownFileType = sourcecode.swift; path = ViewController.swift; sourceTree = "<group>"; };
		814AF0A727FD9639006EAB28 /* Base */ = {isa = PBXFileReference; lastKnownFileType = file.storyboard; name = Base; path = Base.lproj/Main.storyboard; sourceTree = "<group>"; };
		814AF0A927FD963A006EAB28 /* Assets.xcassets */ = {isa = PBXFileReference; lastKnownFileType = folder.assetcatalog; path = Assets.xcassets; sourceTree = "<group>"; };
		814AF0AC27FD963A006EAB28 /* Base */ = {isa = PBXFileReference; lastKnownFileType = file.storyboard; name = Base; path = Base.lproj/LaunchScreen.storyboard; sourceTree = "<group>"; };
		814AF0AE27FD963A006EAB28 /* Info.plist */ = {isa = PBXFileReference; lastKnownFileType = text.plist.xml; path = Info.plist; sourceTree = "<group>"; };
		814AF0CC27FD9B1D006EAB28 /* PunkClient.swift */ = {isa = PBXFileReference; lastKnownFileType = sourcecode.swift; path = PunkClient.swift; sourceTree = "<group>"; };
		814AF0CE27FDA4DE006EAB28 /* BeerRequest.swift */ = {isa = PBXFileReference; lastKnownFileType = sourcecode.swift; path = BeerRequest.swift; sourceTree = "<group>"; };
		814AF0D027FDA557006EAB28 /* URLRequest.swift */ = {isa = PBXFileReference; lastKnownFileType = sourcecode.swift; path = URLRequest.swift; sourceTree = "<group>"; };
		814AF0D227FDA8E6006EAB28 /* DataResponseError.swift */ = {isa = PBXFileReference; lastKnownFileType = sourcecode.swift; path = DataResponseError.swift; sourceTree = "<group>"; };
		814AF0D427FDBCAA006EAB28 /* HTTPURLResponse.swift */ = {isa = PBXFileReference; lastKnownFileType = sourcecode.swift; path = HTTPURLResponse.swift; sourceTree = "<group>"; };
		814AF0D627FDBCEB006EAB28 /* Result.swift */ = {isa = PBXFileReference; lastKnownFileType = sourcecode.swift; path = Result.swift; sourceTree = "<group>"; };
		814AF0D927FDBEBA006EAB28 /* BeerViewModel.swift */ = {isa = PBXFileReference; lastKnownFileType = sourcecode.swift; path = BeerViewModel.swift; sourceTree = "<group>"; };
		815E46192800863800856A50 /* Malt.swift */ = {isa = PBXFileReference; fileEncoding = 4; lastKnownFileType = sourcecode.swift; path = Malt.swift; sourceTree = "<group>"; };
		815E461A2800863800856A50 /* ValueUnit.swift */ = {isa = PBXFileReference; fileEncoding = 4; lastKnownFileType = sourcecode.swift; path = ValueUnit.swift; sourceTree = "<group>"; };
		815E461B2800863800856A50 /* Beer.swift */ = {isa = PBXFileReference; fileEncoding = 4; lastKnownFileType = sourcecode.swift; path = Beer.swift; sourceTree = "<group>"; };
		815E461C2800863800856A50 /* BeerIngredients.swift */ = {isa = PBXFileReference; fileEncoding = 4; lastKnownFileType = sourcecode.swift; path = BeerIngredients.swift; sourceTree = "<group>"; };
		815E461D2800863800856A50 /* Fermentation.swift */ = {isa = PBXFileReference; fileEncoding = 4; lastKnownFileType = sourcecode.swift; path = Fermentation.swift; sourceTree = "<group>"; };
		815E461E2800863800856A50 /* BeerMethod.swift */ = {isa = PBXFileReference; fileEncoding = 4; lastKnownFileType = sourcecode.swift; path = BeerMethod.swift; sourceTree = "<group>"; };
		815E461F2800863800856A50 /* MashTemp.swift */ = {isa = PBXFileReference; fileEncoding = 4; lastKnownFileType = sourcecode.swift; path = MashTemp.swift; sourceTree = "<group>"; };
		815E46202800863800856A50 /* Hope.swift */ = {isa = PBXFileReference; fileEncoding = 4; lastKnownFileType = sourcecode.swift; path = Hope.swift; sourceTree = "<group>"; };
		815E4629280095E900856A50 /* BeerTableViewCell.swift */ = {isa = PBXFileReference; lastKnownFileType = sourcecode.swift; path = BeerTableViewCell.swift; sourceTree = "<group>"; };
/* End PBXFileReference section */

/* Begin PBXFrameworksBuildPhase section */
		814AF09A27FD9639006EAB28 /* Frameworks */ = {
			isa = PBXFrameworksBuildPhase;
			buildActionMask = 2147483647;
			files = (
			);
			runOnlyForDeploymentPostprocessing = 0;
		};
/* End PBXFrameworksBuildPhase section */

/* Begin PBXGroup section */
		814AF09427FD9638006EAB28 = {
			isa = PBXGroup;
			children = (
				814AF09F27FD9639006EAB28 /* BeerBox */,
				814AF09E27FD9639006EAB28 /* Products */,
			);
			sourceTree = "<group>";
		};
		814AF09E27FD9639006EAB28 /* Products */ = {
			isa = PBXGroup;
			children = (
				814AF09D27FD9639006EAB28 /* BeerBox.app */,
			);
			name = Products;
			sourceTree = "<group>";
		};
		814AF09F27FD9639006EAB28 /* BeerBox */ = {
			isa = PBXGroup;
			children = (
				814AF0D827FDBEA9006EAB28 /* ViewModels */,
				814AF0B427FD971B006EAB28 /* Networking */,
				814AF0A027FD9639006EAB28 /* AppDelegate.swift */,
				814AF0A227FD9639006EAB28 /* SceneDelegate.swift */,
				814AF0A427FD9639006EAB28 /* ViewController.swift */,
				815E4629280095E900856A50 /* BeerTableViewCell.swift */,
				814AF0A627FD9639006EAB28 /* Main.storyboard */,
				814AF0A927FD963A006EAB28 /* Assets.xcassets */,
				814AF0AB27FD963A006EAB28 /* LaunchScreen.storyboard */,
				814AF0AE27FD963A006EAB28 /* Info.plist */,
			);
			path = BeerBox;
			sourceTree = "<group>";
		};
		814AF0B427FD971B006EAB28 /* Networking */ = {
			isa = PBXGroup;
			children = (
				814AF0CC27FD9B1D006EAB28 /* PunkClient.swift */,
				814AF0CE27FDA4DE006EAB28 /* BeerRequest.swift */,
				814AF0D027FDA557006EAB28 /* URLRequest.swift */,
				814AF0D227FDA8E6006EAB28 /* DataResponseError.swift */,
				814AF0D427FDBCAA006EAB28 /* HTTPURLResponse.swift */,
				814AF0D627FDBCEB006EAB28 /* Result.swift */,
				814AF0B527FD9722006EAB28 /* Models */,
				81305E892803F75F00799685 /* ImageLoader.swift */,
			);
			path = Networking;
			sourceTree = "<group>";
		};
		814AF0B527FD9722006EAB28 /* Models */ = {
			isa = PBXGroup;
			children = (
				815E461B2800863800856A50 /* Beer.swift */,
				815E461C2800863800856A50 /* BeerIngredients.swift */,
				815E461E2800863800856A50 /* BeerMethod.swift */,
				815E461D2800863800856A50 /* Fermentation.swift */,
				815E46202800863800856A50 /* Hope.swift */,
				815E46192800863800856A50 /* Malt.swift */,
				815E461F2800863800856A50 /* MashTemp.swift */,
				815E461A2800863800856A50 /* ValueUnit.swift */,
			);
			path = Models;
			sourceTree = "<group>";
		};
		814AF0D827FDBEA9006EAB28 /* ViewModels */ = {
			isa = PBXGroup;
			children = (
				814AF0D927FDBEBA006EAB28 /* BeerViewModel.swift */,
			);
			path = ViewModels;
			sourceTree = "<group>";
		};
/* End PBXGroup section */

/* Begin PBXNativeTarget section */
		814AF09C27FD9639006EAB28 /* BeerBox */ = {
			isa = PBXNativeTarget;
			buildConfigurationList = 814AF0B127FD963A006EAB28 /* Build configuration list for PBXNativeTarget "BeerBox" */;
			buildPhases = (
				814AF09927FD9639006EAB28 /* Sources */,
				814AF09A27FD9639006EAB28 /* Frameworks */,
				814AF09B27FD9639006EAB28 /* Resources */,
			);
			buildRules = (
			);
			dependencies = (
			);
			name = BeerBox;
			productName = BeerBox;
			productReference = 814AF09D27FD9639006EAB28 /* BeerBox.app */;
			productType = "com.apple.product-type.application";
		};
/* End PBXNativeTarget section */

/* Begin PBXProject section */
		814AF09527FD9638006EAB28 /* Project object */ = {
			isa = PBXProject;
			attributes = {
				BuildIndependentTargetsInParallel = 1;
				LastSwiftUpdateCheck = 1330;
				LastUpgradeCheck = 1330;
				TargetAttributes = {
					814AF09C27FD9639006EAB28 = {
						CreatedOnToolsVersion = 13.3;
					};
				};
			};
			buildConfigurationList = 814AF09827FD9638006EAB28 /* Build configuration list for PBXProject "BeerBox" */;
			compatibilityVersion = "Xcode 13.0";
			developmentRegion = en;
			hasScannedForEncodings = 0;
			knownRegions = (
				en,
				Base,
			);
			mainGroup = 814AF09427FD9638006EAB28;
			productRefGroup = 814AF09E27FD9639006EAB28 /* Products */;
			projectDirPath = "";
			projectRoot = "";
			targets = (
				814AF09C27FD9639006EAB28 /* BeerBox */,
			);
		};
/* End PBXProject section */

/* Begin PBXResourcesBuildPhase section */
		814AF09B27FD9639006EAB28 /* Resources */ = {
			isa = PBXResourcesBuildPhase;
			buildActionMask = 2147483647;
			files = (
				814AF0AD27FD963A006EAB28 /* LaunchScreen.storyboard in Resources */,
				814AF0AA27FD963A006EAB28 /* Assets.xcassets in Resources */,
				814AF0A827FD9639006EAB28 /* Main.storyboard in Resources */,
			);
			runOnlyForDeploymentPostprocessing = 0;
		};
/* End PBXResourcesBuildPhase section */

/* Begin PBXSourcesBuildPhase section */
		814AF09927FD9639006EAB28 /* Sources */ = {
			isa = PBXSourcesBuildPhase;
			buildActionMask = 2147483647;
			files = (
				814AF0DA27FDBEBA006EAB28 /* BeerViewModel.swift in Sources */,
				814AF0CF27FDA4DE006EAB28 /* BeerRequest.swift in Sources */,
				81305E8A2803F75F00799685 /* ImageLoader.swift in Sources */,
				814AF0A527FD9639006EAB28 /* ViewController.swift in Sources */,
				814AF0D727FDBCEB006EAB28 /* Result.swift in Sources */,
				815E46212800863800856A50 /* Malt.swift in Sources */,
				815E46272800863800856A50 /* MashTemp.swift in Sources */,
				815E46232800863800856A50 /* Beer.swift in Sources */,
				814AF0D327FDA8E6006EAB28 /* DataResponseError.swift in Sources */,
				814AF0D527FDBCAA006EAB28 /* HTTPURLResponse.swift in Sources */,
				814AF0A127FD9639006EAB28 /* AppDelegate.swift in Sources */,
				815E462A280095E900856A50 /* BeerTableViewCell.swift in Sources */,
				814AF0A327FD9639006EAB28 /* SceneDelegate.swift in Sources */,
				815E46262800863800856A50 /* BeerMethod.swift in Sources */,
				815E46242800863800856A50 /* BeerIngredients.swift in Sources */,
				814AF0D127FDA557006EAB28 /* URLRequest.swift in Sources */,
				814AF0CD27FD9B1D006EAB28 /* PunkClient.swift in Sources */,
				815E46282800863800856A50 /* Hope.swift in Sources */,
				815E46222800863800856A50 /* ValueUnit.swift in Sources */,
				815E46252800863800856A50 /* Fermentation.swift in Sources */,
			);
			runOnlyForDeploymentPostprocessing = 0;
		};
/* End PBXSourcesBuildPhase section */

/* Begin PBXVariantGroup section */
		814AF0A627FD9639006EAB28 /* Main.storyboard */ = {
			isa = PBXVariantGroup;
			children = (
				814AF0A727FD9639006EAB28 /* Base */,
			);
			name = Main.storyboard;
			sourceTree = "<group>";
		};
		814AF0AB27FD963A006EAB28 /* LaunchScreen.storyboard */ = {
			isa = PBXVariantGroup;
			children = (
				814AF0AC27FD963A006EAB28 /* Base */,
			);
			name = LaunchScreen.storyboard;
			sourceTree = "<group>";
		};
/* End PBXVariantGroup section */

/* Begin XCBuildConfiguration section */
		814AF0AF27FD963A006EAB28 /* Debug */ = {
			isa = XCBuildConfiguration;
			buildSettings = {
				ALWAYS_SEARCH_USER_PATHS = NO;
				CLANG_ANALYZER_NONNULL = YES;
				CLANG_ANALYZER_NUMBER_OBJECT_CONVERSION = YES_AGGRESSIVE;
				CLANG_CXX_LANGUAGE_STANDARD = "gnu++17";
				CLANG_ENABLE_MODULES = YES;
				CLANG_ENABLE_OBJC_ARC = YES;
				CLANG_ENABLE_OBJC_WEAK = YES;
				CLANG_WARN_BLOCK_CAPTURE_AUTORELEASING = YES;
				CLANG_WARN_BOOL_CONVERSION = YES;
				CLANG_WARN_COMMA = YES;
				CLANG_WARN_CONSTANT_CONVERSION = YES;
				CLANG_WARN_DEPRECATED_OBJC_IMPLEMENTATIONS = YES;
				CLANG_WARN_DIRECT_OBJC_ISA_USAGE = YES_ERROR;
				CLANG_WARN_DOCUMENTATION_COMMENTS = YES;
				CLANG_WARN_EMPTY_BODY = YES;
				CLANG_WARN_ENUM_CONVERSION = YES;
				CLANG_WARN_INFINITE_RECURSION = YES;
				CLANG_WARN_INT_CONVERSION = YES;
				CLANG_WARN_NON_LITERAL_NULL_CONVERSION = YES;
				CLANG_WARN_OBJC_IMPLICIT_RETAIN_SELF = YES;
				CLANG_WARN_OBJC_LITERAL_CONVERSION = YES;
				CLANG_WARN_OBJC_ROOT_CLASS = YES_ERROR;
				CLANG_WARN_QUOTED_INCLUDE_IN_FRAMEWORK_HEADER = YES;
				CLANG_WARN_RANGE_LOOP_ANALYSIS = YES;
				CLANG_WARN_STRICT_PROTOTYPES = YES;
				CLANG_WARN_SUSPICIOUS_MOVE = YES;
				CLANG_WARN_UNGUARDED_AVAILABILITY = YES_AGGRESSIVE;
				CLANG_WARN_UNREACHABLE_CODE = YES;
				CLANG_WARN__DUPLICATE_METHOD_MATCH = YES;
				COPY_PHASE_STRIP = NO;
				DEBUG_INFORMATION_FORMAT = dwarf;
				ENABLE_STRICT_OBJC_MSGSEND = YES;
				ENABLE_TESTABILITY = YES;
				GCC_C_LANGUAGE_STANDARD = gnu11;
				GCC_DYNAMIC_NO_PIC = NO;
				GCC_NO_COMMON_BLOCKS = YES;
				GCC_OPTIMIZATION_LEVEL = 0;
				GCC_PREPROCESSOR_DEFINITIONS = (
					"DEBUG=1",
					"$(inherited)",
				);
				GCC_WARN_64_TO_32_BIT_CONVERSION = YES;
				GCC_WARN_ABOUT_RETURN_TYPE = YES_ERROR;
				GCC_WARN_UNDECLARED_SELECTOR = YES;
				GCC_WARN_UNINITIALIZED_AUTOS = YES_AGGRESSIVE;
				GCC_WARN_UNUSED_FUNCTION = YES;
				GCC_WARN_UNUSED_VARIABLE = YES;
				IPHONEOS_DEPLOYMENT_TARGET = 15.4;
				MTL_ENABLE_DEBUG_INFO = INCLUDE_SOURCE;
				MTL_FAST_MATH = YES;
				ONLY_ACTIVE_ARCH = YES;
				SDKROOT = iphoneos;
				SWIFT_ACTIVE_COMPILATION_CONDITIONS = DEBUG;
				SWIFT_OPTIMIZATION_LEVEL = "-Onone";
			};
			name = Debug;
		};
		814AF0B027FD963A006EAB28 /* Release */ = {
			isa = XCBuildConfiguration;
			buildSettings = {
				ALWAYS_SEARCH_USER_PATHS = NO;
				CLANG_ANALYZER_NONNULL = YES;
				CLANG_ANALYZER_NUMBER_OBJECT_CONVERSION = YES_AGGRESSIVE;
				CLANG_CXX_LANGUAGE_STANDARD = "gnu++17";
				CLANG_ENABLE_MODULES = YES;
				CLANG_ENABLE_OBJC_ARC = YES;
				CLANG_ENABLE_OBJC_WEAK = YES;
				CLANG_WARN_BLOCK_CAPTURE_AUTORELEASING = YES;
				CLANG_WARN_BOOL_CONVERSION = YES;
				CLANG_WARN_COMMA = YES;
				CLANG_WARN_CONSTANT_CONVERSION = YES;
				CLANG_WARN_DEPRECATED_OBJC_IMPLEMENTATIONS = YES;
				CLANG_WARN_DIRECT_OBJC_ISA_USAGE = YES_ERROR;
				CLANG_WARN_DOCUMENTATION_COMMENTS = YES;
				CLANG_WARN_EMPTY_BODY = YES;
				CLANG_WARN_ENUM_CONVERSION = YES;
				CLANG_WARN_INFINITE_RECURSION = YES;
				CLANG_WARN_INT_CONVERSION = YES;
				CLANG_WARN_NON_LITERAL_NULL_CONVERSION = YES;
				CLANG_WARN_OBJC_IMPLICIT_RETAIN_SELF = YES;
				CLANG_WARN_OBJC_LITERAL_CONVERSION = YES;
				CLANG_WARN_OBJC_ROOT_CLASS = YES_ERROR;
				CLANG_WARN_QUOTED_INCLUDE_IN_FRAMEWORK_HEADER = YES;
				CLANG_WARN_RANGE_LOOP_ANALYSIS = YES;
				CLANG_WARN_STRICT_PROTOTYPES = YES;
				CLANG_WARN_SUSPICIOUS_MOVE = YES;
				CLANG_WARN_UNGUARDED_AVAILABILITY = YES_AGGRESSIVE;
				CLANG_WARN_UNREACHABLE_CODE = YES;
				CLANG_WARN__DUPLICATE_METHOD_MATCH = YES;
				COPY_PHASE_STRIP = NO;
				DEBUG_INFORMATION_FORMAT = "dwarf-with-dsym";
				ENABLE_NS_ASSERTIONS = NO;
				ENABLE_STRICT_OBJC_MSGSEND = YES;
				GCC_C_LANGUAGE_STANDARD = gnu11;
				GCC_NO_COMMON_BLOCKS = YES;
				GCC_WARN_64_TO_32_BIT_CONVERSION = YES;
				GCC_WARN_ABOUT_RETURN_TYPE = YES_ERROR;
				GCC_WARN_UNDECLARED_SELECTOR = YES;
				GCC_WARN_UNINITIALIZED_AUTOS = YES_AGGRESSIVE;
				GCC_WARN_UNUSED_FUNCTION = YES;
				GCC_WARN_UNUSED_VARIABLE = YES;
				IPHONEOS_DEPLOYMENT_TARGET = 15.4;
				MTL_ENABLE_DEBUG_INFO = NO;
				MTL_FAST_MATH = YES;
				SDKROOT = iphoneos;
				SWIFT_COMPILATION_MODE = wholemodule;
				SWIFT_OPTIMIZATION_LEVEL = "-O";
				VALIDATE_PRODUCT = YES;
			};
			name = Release;
		};
		814AF0B227FD963A006EAB28 /* Debug */ = {
			isa = XCBuildConfiguration;
			buildSettings = {
				ASSETCATALOG_COMPILER_APPICON_NAME = AppIcon;
				ASSETCATALOG_COMPILER_GLOBAL_ACCENT_COLOR_NAME = AccentColor;
				CODE_SIGN_STYLE = Automatic;
				CURRENT_PROJECT_VERSION = 1;
				DEVELOPMENT_TEAM = 638KMSW77V;
				GENERATE_INFOPLIST_FILE = YES;
				INFOPLIST_FILE = BeerBox/Info.plist;
				INFOPLIST_KEY_UIApplicationSupportsIndirectInputEvents = YES;
				INFOPLIST_KEY_UILaunchStoryboardName = LaunchScreen;
				INFOPLIST_KEY_UIMainStoryboardFile = Main;
				INFOPLIST_KEY_UISupportedInterfaceOrientations_iPad = "UIInterfaceOrientationPortrait UIInterfaceOrientationPortraitUpsideDown UIInterfaceOrientationLandscapeLeft UIInterfaceOrientationLandscapeRight";
				INFOPLIST_KEY_UISupportedInterfaceOrientations_iPhone = "UIInterfaceOrientationPortrait UIInterfaceOrientationLandscapeLeft UIInterfaceOrientationLandscapeRight";
				LD_RUNPATH_SEARCH_PATHS = (
					"$(inherited)",
					"@executable_path/Frameworks",
				);
				MARKETING_VERSION = 1.0;
				PRODUCT_BUNDLE_IDENTIFIER = com.grecoluigi.BeerBox;
				PRODUCT_NAME = "$(TARGET_NAME)";
				SWIFT_EMIT_LOC_STRINGS = YES;
				SWIFT_VERSION = 5.0;
				TARGETED_DEVICE_FAMILY = "1,2";
			};
			name = Debug;
		};
		814AF0B327FD963A006EAB28 /* Release */ = {
			isa = XCBuildConfiguration;
			buildSettings = {
				ASSETCATALOG_COMPILER_APPICON_NAME = AppIcon;
				ASSETCATALOG_COMPILER_GLOBAL_ACCENT_COLOR_NAME = AccentColor;
				CODE_SIGN_STYLE = Automatic;
				CURRENT_PROJECT_VERSION = 1;
				DEVELOPMENT_TEAM = 638KMSW77V;
				GENERATE_INFOPLIST_FILE = YES;
				INFOPLIST_FILE = BeerBox/Info.plist;
				INFOPLIST_KEY_UIApplicationSupportsIndirectInputEvents = YES;
				INFOPLIST_KEY_UILaunchStoryboardName = LaunchScreen;
				INFOPLIST_KEY_UIMainStoryboardFile = Main;
				INFOPLIST_KEY_UISupportedInterfaceOrientations_iPad = "UIInterfaceOrientationPortrait UIInterfaceOrientationPortraitUpsideDown UIInterfaceOrientationLandscapeLeft UIInterfaceOrientationLandscapeRight";
				INFOPLIST_KEY_UISupportedInterfaceOrientations_iPhone = "UIInterfaceOrientationPortrait UIInterfaceOrientationLandscapeLeft UIInterfaceOrientationLandscapeRight";
				LD_RUNPATH_SEARCH_PATHS = (
					"$(inherited)",
					"@executable_path/Frameworks",
				);
				MARKETING_VERSION = 1.0;
				PRODUCT_BUNDLE_IDENTIFIER = com.grecoluigi.BeerBox;
				PRODUCT_NAME = "$(TARGET_NAME)";
				SWIFT_EMIT_LOC_STRINGS = YES;
				SWIFT_VERSION = 5.0;
				TARGETED_DEVICE_FAMILY = "1,2";
			};
			name = Release;
		};
/* End XCBuildConfiguration section */

/* Begin XCConfigurationList section */
		814AF09827FD9638006EAB28 /* Build configuration list for PBXProject "BeerBox" */ = {
			isa = XCConfigurationList;
			buildConfigurations = (
				814AF0AF27FD963A006EAB28 /* Debug */,
				814AF0B027FD963A006EAB28 /* Release */,
			);
			defaultConfigurationIsVisible = 0;
			defaultConfigurationName = Release;
		};
		814AF0B127FD963A006EAB28 /* Build configuration list for PBXNativeTarget "BeerBox" */ = {
			isa = XCConfigurationList;
			buildConfigurations = (
				814AF0B227FD963A006EAB28 /* Debug */,
				814AF0B327FD963A006EAB28 /* Release */,
			);
			defaultConfigurationIsVisible = 0;
			defaultConfigurationName = Release;
		};
/* End XCConfigurationList section */
	};
	rootObject = 814AF09527FD9638006EAB28 /* Project object */;
}
